
Microsoft Visual Studio Solution File, Format Version 12.00
# Visual Studio Version 16
VisualStudioVersion = 16.0.30804.86
MinimumVisualStudioVersion = 10.0.40219.1
Project("{8BC9CEB8-8B4A-11D0-8D11-00A0C91BC942}") = "Dll1", "Dll1\Dll1.vcxproj", "{91A6282F-DB14-48EE-B387-2A1567B411BD}"
EndProject
Project("{8BC9CEB8-8B4A-11D0-8D11-00A0C91BC942}") = "ConsoleApplication1", "ConsoleApplication1\ConsoleApplication1.vcxproj", "{AACD359A-EEB9-462D-89CA-9943D62FD015}"
EndProject
Global
	GlobalSection(SolutionConfigurationPlatforms) = preSolution
		Debug|x64 = Debug|x64
		Debug|x86 = Debug|x86
		Release|x64 = Release|x64
		Release|x86 = Release|x86
	EndGlobalSection
	GlobalSection(ProjectConfigurationPlatforms) = postSolution
		{91A6282F-DB14-48EE-B387-2A1567B411BD}.Debug|x64.ActiveCfg = Debug|x64
		{91A6282F-DB14-48EE-B387-2A1567B411BD}.Debug|x64.Build.0 = Debug|x64
		{91A6282F-DB14-48EE-B387-2A1567B411BD}.Debug|x86.ActiveCfg = Debug|Win32
		{91A6282F-DB14-48EE-B387-2A1567B411BD}.Debug|x86.Build.0 = Debug|Win32
		{91A6282F-DB14-48EE-B387-2A1567B411BD}.Release|x64.ActiveCfg = Release|x64
		{91A6282F-DB14-48EE-B387-2A1567B411BD}.Release|x64.Build.0 = Release|x64
		{91A6282F-DB14-48EE-B387-2A1567B411BD}.Release|x86.ActiveCfg = Release|Win32
		{91A6282F-DB14-48EE-B387-2A1567B411BD}.Release|x86.Build.0 = Release|Win32
		{AACD359A-EEB9-462D-89CA-9943D62FD015}.Debug|x64.ActiveCfg = Debug|x64
		{AACD359A-EEB9-462D-89CA-9943D62FD015}.Debug|x64.Build.0 = Debug|x64
		{AACD359A-EEB9-462D-89CA-9943D62FD015}.Debug|x86.ActiveCfg = Debug|Win32
		{AACD359A-EEB9-462D-89CA-9943D62FD015}.Debug|x86.Build.0 = Debug|Win32
		{AACD359A-EEB9-462D-89CA-9943D62FD015}.Release|x64.ActiveCfg = Release|x64
		{AACD359A-EEB9-462D-89CA-9943D62FD015}.Release|x64.Build.0 = Release|x64
		{AACD359A-EEB9-462D-89CA-9943D62FD015}.Release|x86.ActiveCfg = Release|Win32
		{AACD359A-EEB9-462D-89CA-9943D62FD015}.Release|x86.Build.0 = Release|Win32
	EndGlobalSection
	GlobalSection(SolutionProperties) = preSolution
		HideSolutionNode = FALSE
	EndGlobalSection
	GlobalSection(ExtensibilityGlobals) = postSolution
		SolutionGuid = {970C7126-9462-4F01-B8D7-472816D94B04}
	EndGlobalSection
EndGlobal
